<?xml version="1.0" encoding="utf-8"?>
<Project ToolsVersion="4.0" xmlns="http://schemas.microsoft.com/developer/msbuild/2003">
  <ItemGroup>
    <Filter Include="Source Files">
      <UniqueIdentifier>{4FC737F1-C7A5-4376-A066-2A32D752A2FF}</UniqueIdentifier>
      <Extensions>cpp;c;cc;cxx;def;odl;idl;hpj;bat;asm;asmx</Extensions>
    </Filter>
    <Filter Include="Header Files">
      <UniqueIdentifier>{93995380-89BD-4b04-88EB-625FBE52EBFB}</UniqueIdentifier>
      <Extensions>h;hpp;hxx;hm;inl;inc;xsd</Extensions>
    </Filter>
    <Filter Include="Resource Files">
      <UniqueIdentifier>{67DA6AB6-F800-4c08-8B7A-83BB121AAD01}</UniqueIdentifier>
      <Extensions>rc;ico;cur;bmp;dlg;rc2;rct;bin;rgs;gif;jpg;jpeg;jpe;resx;tiff;tif;png;wav;mfcribbon-ms</Extensions>
    </Filter>
    <Filter Include="Components">
      <UniqueIdentifier>{b641a27c-2845-4c4c-ab76-b2723a83e9df}</UniqueIdentifier>
    </Filter>
    <Filter Include="GameStates">
      <UniqueIdentifier>{10469d45-cecd-4573-ba68-85987078e11c}</UniqueIdentifier>
    </Filter>
    <Filter Include="Util">
      <UniqueIdentifier>{ed5ad560-ccc4-4fc3-a7ff-ad94296b23e9}</UniqueIdentifier>
    </Filter>
    <Filter Include="Areas">
      <UniqueIdentifier>{5d9cc0e7-08be-472b-a0ef-75dd34e5f335}</UniqueIdentifier>
    </Filter>
    <Filter Include="Entities">
      <UniqueIdentifier>{c658660d-8ff4-467e-8351-a49546c76ae3}</UniqueIdentifier>
    </Filter>
  </ItemGroup>
  <ItemGroup>
    <ClCompile Include="src\Game.cpp">
      <Filter>Source Files</Filter>
    </ClCompile>
    <ClCompile Include="src\main.cpp">
      <Filter>Source Files</Filter>
    </ClCompile>
    <ClCompile Include="src\stdafx.cpp">
      <Filter>Source Files</Filter>
    </ClCompile>
    <ClCompile Include="src\InputComponents.cpp">
      <Filter>Components</Filter>
    </ClCompile>
    <ClCompile Include="src\RenderComponents.cpp">
      <Filter>Components</Filter>
    </ClCompile>
    <ClCompile Include="src\MoveComponents.cpp">
      <Filter>Components</Filter>
    </ClCompile>
    <ClCompile Include="src\GameState.cpp">
      <Filter>GameStates</Filter>
    </ClCompile>
    <ClCompile Include="src\Vec2.cpp">
      <Filter>Util</Filter>
    </ClCompile>
    <ClCompile Include="src\Area.cpp">
      <Filter>Areas</Filter>
    </ClCompile>
    <ClCompile Include="src\Entity.cpp">
      <Filter>Entities</Filter>
    </ClCompile>
    <ClCompile Include="src\Camera.cpp">
      <Filter>Areas</Filter>
    </ClCompile>
    <ClCompile Include="src\Sprite.cpp">
      <Filter>Util</Filter>
    </ClCompile>
    <ClCompile Include="src\WorldGameState.cpp">
      <Filter>GameStates</Filter>
    </ClCompile>
    <ClCompile Include="src\InputManager.cpp">
      <Filter>Util</Filter>
    </ClCompile>
    <ClCompile Include="src\CSVFile.cpp">
      <Filter>Util</Filter>
    </ClCompile>
  </ItemGroup>
  <ItemGroup>
    <ClInclude Include="src\Game.h">
      <Filter>Header Files</Filter>
    </ClInclude>
    <ClInclude Include="src\stdafx.h">
      <Filter>Header Files</Filter>
    </ClInclude>
    <ClInclude Include="src\Components.h">
      <Filter>Components</Filter>
    </ClInclude>
    <ClInclude Include="src\InputComponents.h">
      <Filter>Components</Filter>
    </ClInclude>
    <ClInclude Include="src\RenderComponents.h">
      <Filter>Components</Filter>
    </ClInclude>
    <ClInclude Include="src\MoveComponents.h">
      <Filter>Components</Filter>
    </ClInclude>
    <ClInclude Include="src\GameState.h">
      <Filter>GameStates</Filter>
    </ClInclude>
    <ClInclude Include="src\Vec2.h">
      <Filter>Util</Filter>
    </ClInclude>
    <ClInclude Include="src\Area.h">
      <Filter>Areas</Filter>
    </ClInclude>
    <ClInclude Include="src\Entity.h">
      <Filter>Entities</Filter>
    </ClInclude>
    <ClInclude Include="src\Camera.h">
      <Filter>Areas</Filter>
    </ClInclude>
    <ClInclude Include="src\Sprite.h">
      <Filter>Util</Filter>
    </ClInclude>
    <ClInclude Include="src\WorldGameState.h">
      <Filter>GameStates</Filter>
    </ClInclude>
    <ClInclude Include="src\InputManager.h">
      <Filter>Util</Filter>
    </ClInclude>
    <ClInclude Include="src\CSVFile.h">
      <Filter>Util</Filter>
    </ClInclude>
  </ItemGroup>
  <ItemGroup>
    <None Include="Data\Sprites.psl" />
  </ItemGroup>
</Project>